
Microsoft Visual Studio Solution File, Format Version 12.00
# Visual Studio 15
VisualStudioVersion = 15.0.27703.2047
MinimumVisualStudioVersion = 10.0.40219.1
Project("{FAE04EC0-301F-11D3-BF4B-00C04F79EFBC}") = "Microcomm.Redis", "Microcomm.Redis\Microcomm.Redis.csproj", "{688280DC-50A4-40AC-821A-AFA9EFC26AFE}"
EndProject
Global
	GlobalSection(SolutionConfigurationPlatforms) = preSolution
		Debug|Any CPU = Debug|Any CPU
		Release|Any CPU = Release|Any CPU
	EndGlobalSection
	GlobalSection(ProjectConfigurationPlatforms) = postSolution
		{688280DC-50A4-40AC-821A-AFA9EFC26AFE}.Debug|Any CPU.ActiveCfg = Debug|Any CPU
		{688280DC-50A4-40AC-821A-AFA9EFC26AFE}.Debug|Any CPU.Build.0 = Debug|Any CPU
		{688280DC-50A4-40AC-821A-AFA9EFC26AFE}.Release|Any CPU.ActiveCfg = Release|Any CPU
		{688280DC-50A4-40AC-821A-AFA9EFC26AFE}.Release|Any CPU.Build.0 = Release|Any CPU
	EndGlobalSection
	GlobalSection(SolutionProperties) = preSolution
		HideSolutionNode = FALSE
	EndGlobalSection
	GlobalSection(ExtensibilityGlobals) = postSolution
		SolutionGuid = {D7B9AD29-850E-4FEA-9541-6B1A701A1603}
	EndGlobalSection
EndGlobal
